PODS:
  - Kingfisher (4.10.1)

DEPENDENCIES:
  - Kingfisher (= 4.10.1)

SPEC REPOS:
  https://github.com/cocoapods/specs.git:
    - Kingfisher

SPEC CHECKSUMS:
  Kingfisher: c148cd7b47ebde9989f6bc7c27dcaa79d81279a0

PODFILE CHECKSUM: 20a17e877f9ee7262478a0f1a06efae8decfd55c

COCOAPODS: 1.6.0.beta.2
